
Microsoft Visual Studio Solution File, Format Version 12.00
# Visual Studio Version 17
VisualStudioVersion = 17.4.33122.133
MinimumVisualStudioVersion = 10.0.40219.1
Project("{9A19103F-16F7-4668-BE54-9A1E7A4F7556}") = "VantageTag.TicTacToe.API", "VantageTag.TicTacToe.API\VantageTag.TicTacToe.API.csproj", "{3D656DE4-31B5-450B-91BF-E506B8A066B9}"
EndProject
Project("{9A19103F-16F7-4668-BE54-9A1E7A4F7556}") = "VantageTag.TicTacToe.Core", "VantageTag.TicTacToe.Core\VantageTag.TicTacToe.Core.csproj", "{AF7FCED6-1035-4235-8FD9-D64A846FFA7E}"
EndProject
Project("{9A19103F-16F7-4668-BE54-9A1E7A4F7556}") = "VantageTag.TicTacToe.Tests", "VantageTag.TicTacToe.Tests\VantageTag.TicTacToe.Tests.csproj", "{F4F274F4-2A83-401F-969B-9C05EC2F9766}"
EndProject
Project("{FAE04EC0-301F-11D3-BF4B-00C04F79EFBC}") = "VantageTag.TicTacToe.Data", "VantageTag.TicTacToe.Infrastructure\VantageTag.TicTacToe.Data.csproj", "{D16DB6C1-B4FE-48C8-AC09-B322FF9ACC15}"
EndProject
Global
	GlobalSection(SolutionConfigurationPlatforms) = preSolution
		Debug|Any CPU = Debug|Any CPU
		Release|Any CPU = Release|Any CPU
	EndGlobalSection
	GlobalSection(ProjectConfigurationPlatforms) = postSolution
		{3D656DE4-31B5-450B-91BF-E506B8A066B9}.Debug|Any CPU.ActiveCfg = Debug|Any CPU
		{3D656DE4-31B5-450B-91BF-E506B8A066B9}.Debug|Any CPU.Build.0 = Debug|Any CPU
		{3D656DE4-31B5-450B-91BF-E506B8A066B9}.Release|Any CPU.ActiveCfg = Release|Any CPU
		{3D656DE4-31B5-450B-91BF-E506B8A066B9}.Release|Any CPU.Build.0 = Release|Any CPU
		{AF7FCED6-1035-4235-8FD9-D64A846FFA7E}.Debug|Any CPU.ActiveCfg = Debug|Any CPU
		{AF7FCED6-1035-4235-8FD9-D64A846FFA7E}.Debug|Any CPU.Build.0 = Debug|Any CPU
		{AF7FCED6-1035-4235-8FD9-D64A846FFA7E}.Release|Any CPU.ActiveCfg = Release|Any CPU
		{AF7FCED6-1035-4235-8FD9-D64A846FFA7E}.Release|Any CPU.Build.0 = Release|Any CPU
		{F4F274F4-2A83-401F-969B-9C05EC2F9766}.Debug|Any CPU.ActiveCfg = Debug|Any CPU
		{F4F274F4-2A83-401F-969B-9C05EC2F9766}.Debug|Any CPU.Build.0 = Debug|Any CPU
		{F4F274F4-2A83-401F-969B-9C05EC2F9766}.Release|Any CPU.ActiveCfg = Release|Any CPU
		{F4F274F4-2A83-401F-969B-9C05EC2F9766}.Release|Any CPU.Build.0 = Release|Any CPU
		{D16DB6C1-B4FE-48C8-AC09-B322FF9ACC15}.Debug|Any CPU.ActiveCfg = Debug|Any CPU
		{D16DB6C1-B4FE-48C8-AC09-B322FF9ACC15}.Debug|Any CPU.Build.0 = Debug|Any CPU
		{D16DB6C1-B4FE-48C8-AC09-B322FF9ACC15}.Release|Any CPU.ActiveCfg = Release|Any CPU
		{D16DB6C1-B4FE-48C8-AC09-B322FF9ACC15}.Release|Any CPU.Build.0 = Release|Any CPU
	EndGlobalSection
	GlobalSection(SolutionProperties) = preSolution
		HideSolutionNode = FALSE
	EndGlobalSection
	GlobalSection(ExtensibilityGlobals) = postSolution
		SolutionGuid = {BEAF07FE-72C4-44F3-AD81-C4A08CD615C4}
	EndGlobalSection
EndGlobal
